
Microsoft Visual Studio Solution File, Format Version 12.00
# Visual Studio Version 16
VisualStudioVersion = 16.0.28803.156
MinimumVisualStudioVersion = 10.0.40219.1
Project("{2150E333-8FDC-42A3-9474-1A3956D46DE8}") = "Solution Items", "Solution Items", "{9DE0EE9B-2189-4365-8E14-B4C443203D75}"
	ProjectSection(SolutionItems) = preProject
		.gitignore = .gitignore
		.travis.yml = .travis.yml
	EndProjectSection
EndProject
Project("{FAE04EC0-301F-11D3-BF4B-00C04F79EFBC}") = "LSS CLI", "LSS CLI\LSS CLI.csproj", "{0AA5F7B1-E492-4A40-B735-6B27A150E747}"
EndProject
Global
	GlobalSection(SolutionConfigurationPlatforms) = preSolution
		Debug|Any CPU = Debug|Any CPU
		Release|Any CPU = Release|Any CPU
	EndGlobalSection
	GlobalSection(ProjectConfigurationPlatforms) = postSolution
		{0AA5F7B1-E492-4A40-B735-6B27A150E747}.Debug|Any CPU.ActiveCfg = Debug|Any CPU
		{0AA5F7B1-E492-4A40-B735-6B27A150E747}.Debug|Any CPU.Build.0 = Debug|Any CPU
		{0AA5F7B1-E492-4A40-B735-6B27A150E747}.Release|Any CPU.ActiveCfg = Release|Any CPU
		{0AA5F7B1-E492-4A40-B735-6B27A150E747}.Release|Any CPU.Build.0 = Release|Any CPU
	EndGlobalSection
	GlobalSection(SolutionProperties) = preSolution
		HideSolutionNode = FALSE
	EndGlobalSection
	GlobalSection(ExtensibilityGlobals) = postSolution
		SolutionGuid = {45ACDD20-31DD-42D2-8C32-C7F18444BFC3}
	EndGlobalSection
EndGlobal
